
Microsoft Visual Studio Solution File, Format Version 12.00
# Visual Studio Version 17
VisualStudioVersion = 17.2.32616.157
MinimumVisualStudioVersion = 10.0.40219.1
Project("{FAE04EC0-301F-11D3-BF4B-00C04F79EFBC}") = "Billing.Service.WebApi", "Billing.Service.WebApi\Billing.Service.WebApi.csproj", "{DAD43C89-4F30-4145-927C-85480E20A8FF}"
EndProject
Project("{9A19103F-16F7-4668-BE54-9A1E7A4F7556}") = "Billing.Service.CQRS", "Billing.Service.CQRS\Billing.Service.CQRS.csproj", "{BCB37AE4-1DBD-4681-8592-18366B3EAF68}"
EndProject
Project("{FAE04EC0-301F-11D3-BF4B-00C04F79EFBC}") = "Billing.Service.Domain", "Billing.Service.Domain\Billing.Service.Domain.csproj", "{97352734-6BA6-43A3-B4BB-B51510EC40B3}"
EndProject
Global
	GlobalSection(SolutionConfigurationPlatforms) = preSolution
		Debug|Any CPU = Debug|Any CPU
		Release|Any CPU = Release|Any CPU
	EndGlobalSection
	GlobalSection(ProjectConfigurationPlatforms) = postSolution
		{DAD43C89-4F30-4145-927C-85480E20A8FF}.Debug|Any CPU.ActiveCfg = Debug|Any CPU
		{DAD43C89-4F30-4145-927C-85480E20A8FF}.Debug|Any CPU.Build.0 = Debug|Any CPU
		{DAD43C89-4F30-4145-927C-85480E20A8FF}.Release|Any CPU.ActiveCfg = Release|Any CPU
		{DAD43C89-4F30-4145-927C-85480E20A8FF}.Release|Any CPU.Build.0 = Release|Any CPU
		{BCB37AE4-1DBD-4681-8592-18366B3EAF68}.Debug|Any CPU.ActiveCfg = Debug|Any CPU
		{BCB37AE4-1DBD-4681-8592-18366B3EAF68}.Debug|Any CPU.Build.0 = Debug|Any CPU
		{BCB37AE4-1DBD-4681-8592-18366B3EAF68}.Release|Any CPU.ActiveCfg = Release|Any CPU
		{BCB37AE4-1DBD-4681-8592-18366B3EAF68}.Release|Any CPU.Build.0 = Release|Any CPU
		{97352734-6BA6-43A3-B4BB-B51510EC40B3}.Debug|Any CPU.ActiveCfg = Debug|Any CPU
		{97352734-6BA6-43A3-B4BB-B51510EC40B3}.Debug|Any CPU.Build.0 = Debug|Any CPU
		{97352734-6BA6-43A3-B4BB-B51510EC40B3}.Release|Any CPU.ActiveCfg = Release|Any CPU
		{97352734-6BA6-43A3-B4BB-B51510EC40B3}.Release|Any CPU.Build.0 = Release|Any CPU
	EndGlobalSection
	GlobalSection(SolutionProperties) = preSolution
		HideSolutionNode = FALSE
	EndGlobalSection
	GlobalSection(ExtensibilityGlobals) = postSolution
		SolutionGuid = {A3B6F927-2189-4309-AE76-4581E37C5432}
	EndGlobalSection
EndGlobal
